PODS:
  - MaccoValidator (1.0.0)

DEPENDENCIES:
  - MaccoValidator (from `../MaccoValidator`)

EXTERNAL SOURCES:
  MaccoValidator:
    :path: "../MaccoValidator"

SPEC CHECKSUMS:
  MaccoValidator: 4b62ac7ba77b6eab6a2d466f2aee6b209225b60d

PODFILE CHECKSUM: 4c788bc02b03e20474813599bfa3cce93f0ddf19

COCOAPODS: 1.11.3
